<?xml version="1.0" encoding="utf-8"?>
<Project ToolsVersion="4.0" xmlns="http://schemas.microsoft.com/developer/msbuild/2003">
  <ItemGroup>
    <Filter Include="source">
      <UniqueIdentifier>{4FC737F1-C7A5-4376-A066-2A32D752A2FF}</UniqueIdentifier>
      <Extensions>cpp;c;cc;cxx;def;odl;idl;hpj;bat;asm;asmx</Extensions>
    </Filter>
    <Filter Include="resources">
      <UniqueIdentifier>{b6e64240-cc5b-4368-ab33-2e1eb6d9f756}</UniqueIdentifier>
    </Filter>
  </ItemGroup>
  <ItemGroup>
    <ClCompile Include="..\..\..\source\Bodyguard\bodyguard.cpp">
      <Filter>source</Filter>
    </ClCompile>
    <ClCompile Include="..\..\..\source\Bodyguard\accesslevel.cpp">
      <Filter>source</Filter>
    </ClCompile>
    <ClCompile Include="..\..\..\source\Bodyguard\charactertype.cpp">
      <Filter>source</Filter>
    </ClCompile>
    <ClCompile Include="..\..\..\source\Bodyguard\actor.cpp">
      <Filter>source</Filter>
    </ClCompile>
    <ClCompile Include="..\..\..\source\Bodyguard\characterrelation.cpp">
      <Filter>source</Filter>
    </ClCompile>
    <ClCompile Include="..\..\..\source\Bodyguard\config.cpp">
      <Filter>source</Filter>
    </ClCompile>
    <ClCompile Include="..\..\..\source\Bodyguard\bodydragging.cpp">
      <Filter>source</Filter>
    </ClCompile>
    <ClCompile Include="..\..\..\source\Bodyguard\inventoryaccess.cpp">
      <Filter>source</Filter>
    </ClCompile>
    <ClCompile Include="..\..\..\source\Bodyguard\crashguard.cpp">
      <Filter>source</Filter>
    </ClCompile>
  </ItemGroup>
  <ItemGroup>
    <None Include="..\..\..\resources\Bodyguard\PluginInfo.json">
      <Filter>resources</Filter>
    </None>
    <None Include="..\..\..\resources\Bodyguard\config.json">
      <Filter>resources</Filter>
    </None>
    <None Include="..\..\..\resources\Bodyguard\deploy.bat">
      <Filter>resources</Filter>
    </None>
  </ItemGroup>
  <ItemGroup>
    <ClInclude Include="..\..\..\source\Bodyguard\accesslevel.hpp">
      <Filter>source</Filter>
    </ClInclude>
    <ClInclude Include="..\..\..\source\Bodyguard\charactertype.hpp">
      <Filter>source</Filter>
    </ClInclude>
    <ClInclude Include="..\..\..\source\Bodyguard\actor.hpp">
      <Filter>source</Filter>
    </ClInclude>
    <ClInclude Include="..\..\..\source\Bodyguard\characterrelation.hpp">
      <Filter>source</Filter>
    </ClInclude>
    <ClInclude Include="..\..\..\source\Bodyguard\config.hpp">
      <Filter>source</Filter>
    </ClInclude>
    <ClInclude Include="..\..\..\source\Bodyguard\bodydragging.hpp">
      <Filter>source</Filter>
    </ClInclude>
    <ClInclude Include="..\..\..\source\Bodyguard\inventoryaccess.hpp">
      <Filter>source</Filter>
    </ClInclude>
    <ClInclude Include="..\..\..\source\Bodyguard\crashguard.hpp">
      <Filter>source</Filter>
    </ClInclude>
    <ClInclude Include="..\..\..\source\Bodyguard\hooks.hpp">
      <Filter>source</Filter>
    </ClInclude>
  </ItemGroup>
  <ItemGroup>
    <Text Include="..\..\..\resources\Bodyguard\readme.txt">
      <Filter>resources</Filter>
    </Text>
  </ItemGroup>
</Project>